// !$*UTF8*$!
{
	archiveVersion = 1;
	classes = {
	};
	objectVersion = 46;
	objects = {

/* Begin PBXBuildFile section */
		62C7E6601E1CA3CE006A2E25 /* AppDelegate.swift in Sources */ = {isa = PBXBuildFile; fileRef = 62C7E65F1E1CA3CE006A2E25 /* AppDelegate.swift */; };
		62C7E6621E1CA3CE006A2E25 /* ViewController.swift in Sources */ = {isa = PBXBuildFile; fileRef = 62C7E6611E1CA3CE006A2E25 /* ViewController.swift */; };
		62C7E6651E1CA3CE006A2E25 /* Main.storyboard in Resources */ = {isa = PBXBuildFile; fileRef = 62C7E6631E1CA3CE006A2E25 /* Main.storyboard */; };
		62C7E6671E1CA3CE006A2E25 /* Assets.xcassets in Resources */ = {isa = PBXBuildFile; fileRef = 62C7E6661E1CA3CE006A2E25 /* Assets.xcassets */; };
		62C7E66A1E1CA3CE006A2E25 /* LaunchScreen.storyboard in Resources */ = {isa = PBXBuildFile; fileRef = 62C7E6681E1CA3CE006A2E25 /* LaunchScreen.storyboard */; };
		62C7E6751E1CA3CE006A2E25 /* DiceTests.swift in Sources */ = {isa = PBXBuildFile; fileRef = 62C7E6741E1CA3CE006A2E25 /* DiceTests.swift */; };
		62C7E6801E1CA3CE006A2E25 /* DiceUITests.swift in Sources */ = {isa = PBXBuildFile; fileRef = 62C7E67F1E1CA3CE006A2E25 /* DiceUITests.swift */; };
/* End PBXBuildFile section */

/* Begin PBXContainerItemProxy section */
		62C7E6711E1CA3CE006A2E25 /* PBXContainerItemProxy */ = {
			isa = PBXContainerItemProxy;
			containerPortal = 62C7E6541E1CA3CD006A2E25 /* Project object */;
			proxyType = 1;
			remoteGlobalIDString = 62C7E65B1E1CA3CD006A2E25;
			remoteInfo = Dice;
		};
		62C7E67C1E1CA3CE006A2E25 /* PBXContainerItemProxy */ = {
			isa = PBXContainerItemProxy;
			containerPortal = 62C7E6541E1CA3CD006A2E25 /* Project object */;
			proxyType = 1;
			remoteGlobalIDString = 62C7E65B1E1CA3CD006A2E25;
			remoteInfo = Dice;
		};
/* End PBXContainerItemProxy section */

/* Begin PBXFileReference section */
		62C7E65C1E1CA3CE006A2E25 /* Dice.app */ = {isa = PBXFileReference; explicitFileType = wrapper.application; includeInIndex = 0; path = Dice.app; sourceTree = BUILT_PRODUCTS_DIR; };
		62C7E65F1E1CA3CE006A2E25 /* AppDelegate.swift */ = {isa = PBXFileReference; lastKnownFileType = sourcecode.swift; path = AppDelegate.swift; sourceTree = "<group>"; };
		62C7E6611E1CA3CE006A2E25 /* ViewController.swift */ = {isa = PBXFileReference; lastKnownFileType = sourcecode.swift; path = ViewController.swift; sourceTree = "<group>"; };
		62C7E6641E1CA3CE006A2E25 /* Base */ = {isa = PBXFileReference; lastKnownFileType = file.storyboard; name = Base; path = Base.lproj/Main.storyboard; sourceTree = "<group>"; };
		62C7E6661E1CA3CE006A2E25 /* Assets.xcassets */ = {isa = PBXFileReference; lastKnownFileType = folder.assetcatalog; path = Assets.xcassets; sourceTree = "<group>"; };
		62C7E6691E1CA3CE006A2E25 /* Base */ = {isa = PBXFileReference; lastKnownFileType = file.storyboard; name = Base; path = Base.lproj/LaunchScreen.storyboard; sourceTree = "<group>"; };
		62C7E66B1E1CA3CE006A2E25 /* Info.plist */ = {isa = PBXFileReference; lastKnownFileType = text.plist.xml; path = Info.plist; sourceTree = "<group>"; };
		62C7E6701E1CA3CE006A2E25 /* DiceTests.xctest */ = {isa = PBXFileReference; explicitFileType = wrapper.cfbundle; includeInIndex = 0; path = DiceTests.xctest; sourceTree = BUILT_PRODUCTS_DIR; };
		62C7E6741E1CA3CE006A2E25 /* DiceTests.swift */ = {isa = PBXFileReference; lastKnownFileType = sourcecode.swift; path = DiceTests.swift; sourceTree = "<group>"; };
		62C7E6761E1CA3CE006A2E25 /* Info.plist */ = {isa = PBXFileReference; lastKnownFileType = text.plist.xml; path = Info.plist; sourceTree = "<group>"; };
		62C7E67B1E1CA3CE006A2E25 /* DiceUITests.xctest */ = {isa = PBXFileReference; explicitFileType = wrapper.cfbundle; includeInIndex = 0; path = DiceUITests.xctest; sourceTree = BUILT_PRODUCTS_DIR; };
		62C7E67F1E1CA3CE006A2E25 /* DiceUITests.swift */ = {isa = PBXFileReference; lastKnownFileType = sourcecode.swift; path = DiceUITests.swift; sourceTree = "<group>"; };
		62C7E6811E1CA3CE006A2E25 /* Info.plist */ = {isa = PBXFileReference; lastKnownFileType = text.plist.xml; path = Info.plist; sourceTree = "<group>"; };
/* End PBXFileReference section */

/* Begin PBXFrameworksBuildPhase section */
		62C7E6591E1CA3CD006A2E25 /* Frameworks */ = {
			isa = PBXFrameworksBuildPhase;
			buildActionMask = 2147483647;
			files = (
			);
			runOnlyForDeploymentPostprocessing = 0;
		};
		62C7E66D1E1CA3CE006A2E25 /* Frameworks */ = {
			isa = PBXFrameworksBuildPhase;
			buildActionMask = 2147483647;
			files = (
			);
			runOnlyForDeploymentPostprocessing = 0;
		};
		62C7E6781E1CA3CE006A2E25 /* Frameworks */ = {
			isa = PBXFrameworksBuildPhase;
			buildActionMask = 2147483647;
			files = (
			);
			runOnlyForDeploymentPostprocessing = 0;
		};
/* End PBXFrameworksBuildPhase section */

/* Begin PBXGroup section */
		62C7E6531E1CA3CD006A2E25 = {
			isa = PBXGroup;
			children = (
				62C7E65E1E1CA3CE006A2E25 /* Dice */,
				62C7E6731E1CA3CE006A2E25 /* DiceTests */,
				62C7E67E1E1CA3CE006A2E25 /* DiceUITests */,
				62C7E65D1E1CA3CE006A2E25 /* Products */,
			);
			sourceTree = "<group>";
		};
		62C7E65D1E1CA3CE006A2E25 /* Products */ = {
			isa = PBXGroup;
			children = (
				62C7E65C1E1CA3CE006A2E25 /* Dice.app */,
				62C7E6701E1CA3CE006A2E25 /* DiceTests.xctest */,
				62C7E67B1E1CA3CE006A2E25 /* DiceUITests.xctest */,
			);
			name = Products;
			sourceTree = "<group>";
		};
		62C7E65E1E1CA3CE006A2E25 /* Dice */ = {
			isa = PBXGroup;
			children = (
				62C7E65F1E1CA3CE006A2E25 /* AppDelegate.swift */,
				62C7E6611E1CA3CE006A2E25 /* ViewController.swift */,
				62C7E6631E1CA3CE006A2E25 /* Main.storyboard */,
				62C7E6661E1CA3CE006A2E25 /* Assets.xcassets */,
				62C7E6681E1CA3CE006A2E25 /* LaunchScreen.storyboard */,
				62C7E66B1E1CA3CE006A2E25 /* Info.plist */,
			);
			path = Dice;
			sourceTree = "<group>";
		};
		62C7E6731E1CA3CE006A2E25 /* DiceTests */ = {
			isa = PBXGroup;
			children = (
				62C7E6741E1CA3CE006A2E25 /* DiceTests.swift */,
				62C7E6761E1CA3CE006A2E25 /* Info.plist */,
			);
			path = DiceTests;
			sourceTree = "<group>";
		};
		62C7E67E1E1CA3CE006A2E25 /* DiceUITests */ = {
			isa = PBXGroup;
			children = (
				62C7E67F1E1CA3CE006A2E25 /* DiceUITests.swift */,
				62C7E6811E1CA3CE006A2E25 /* Info.plist */,
			);
			path = DiceUITests;
			sourceTree = "<group>";
		};
/* End PBXGroup section */

/* Begin PBXNativeTarget section */
		62C7E65B1E1CA3CD006A2E25 /* Dice */ = {
			isa = PBXNativeTarget;
			buildConfigurationList = 62C7E6841E1CA3CE006A2E25 /* Build configuration list for PBXNativeTarget "Dice" */;
			buildPhases = (
				62C7E6581E1CA3CD006A2E25 /* Sources */,
				62C7E6591E1CA3CD006A2E25 /* Frameworks */,
				62C7E65A1E1CA3CD006A2E25 /* Resources */,
			);
			buildRules = (
			);
			dependencies = (
			);
			name = Dice;
			productName = Dice;
			productReference = 62C7E65C1E1CA3CE006A2E25 /* Dice.app */;
			productType = "com.apple.product-type.application";
		};
		62C7E66F1E1CA3CE006A2E25 /* DiceTests */ = {
			isa = PBXNativeTarget;
			buildConfigurationList = 62C7E6871E1CA3CE006A2E25 /* Build configuration list for PBXNativeTarget "DiceTests" */;
			buildPhases = (
				62C7E66C1E1CA3CE006A2E25 /* Sources */,
				62C7E66D1E1CA3CE006A2E25 /* Frameworks */,
				62C7E66E1E1CA3CE006A2E25 /* Resources */,
			);
			buildRules = (
			);
			dependencies = (
				62C7E6721E1CA3CE006A2E25 /* PBXTargetDependency */,
			);
			name = DiceTests;
			productName = DiceTests;
			productReference = 62C7E6701E1CA3CE006A2E25 /* DiceTests.xctest */;
			productType = "com.apple.product-type.bundle.unit-test";
		};
		62C7E67A1E1CA3CE006A2E25 /* DiceUITests */ = {
			isa = PBXNativeTarget;
			buildConfigurationList = 62C7E68A1E1CA3CE006A2E25 /* Build configuration list for PBXNativeTarget "DiceUITests" */;
			buildPhases = (
				62C7E6771E1CA3CE006A2E25 /* Sources */,
				62C7E6781E1CA3CE006A2E25 /* Frameworks */,
				62C7E6791E1CA3CE006A2E25 /* Resources */,
			);
			buildRules = (
			);
			dependencies = (
				62C7E67D1E1CA3CE006A2E25 /* PBXTargetDependency */,
			);
			name = DiceUITests;
			productName = DiceUITests;
			productReference = 62C7E67B1E1CA3CE006A2E25 /* DiceUITests.xctest */;
			productType = "com.apple.product-type.bundle.ui-testing";
		};
/* End PBXNativeTarget section */

/* Begin PBXProject section */
		62C7E6541E1CA3CD006A2E25 /* Project object */ = {
			isa = PBXProject;
			attributes = {
				LastSwiftUpdateCheck = 0800;
				LastUpgradeCheck = 0800;
				ORGANIZATIONNAME = meijiangang;
				TargetAttributes = {
					62C7E65B1E1CA3CD006A2E25 = {
						CreatedOnToolsVersion = 8.0;
						ProvisioningStyle = Automatic;
					};
					62C7E66F1E1CA3CE006A2E25 = {
						CreatedOnToolsVersion = 8.0;
						ProvisioningStyle = Automatic;
						TestTargetID = 62C7E65B1E1CA3CD006A2E25;
					};
					62C7E67A1E1CA3CE006A2E25 = {
						CreatedOnToolsVersion = 8.0;
						ProvisioningStyle = Automatic;
						TestTargetID = 62C7E65B1E1CA3CD006A2E25;
					};
				};
			};
			buildConfigurationList = 62C7E6571E1CA3CD006A2E25 /* Build configuration list for PBXProject "Dice" */;
			compatibilityVersion = "Xcode 3.2";
			developmentRegion = English;
			hasScannedForEncodings = 0;
			knownRegions = (
				en,
				Base,
			);
			mainGroup = 62C7E6531E1CA3CD006A2E25;
			productRefGroup = 62C7E65D1E1CA3CE006A2E25 /* Products */;
			projectDirPath = "";
			projectRoot = "";
			targets = (
				62C7E65B1E1CA3CD006A2E25 /* Dice */,
				62C7E66F1E1CA3CE006A2E25 /* DiceTests */,
				62C7E67A1E1CA3CE006A2E25 /* DiceUITests */,
			);
		};
/* End PBXProject section */

/* Begin PBXResourcesBuildPhase section */
		62C7E65A1E1CA3CD006A2E25 /* Resources */ = {
			isa = PBXResourcesBuildPhase;
			buildActionMask = 2147483647;
			files = (
				62C7E66A1E1CA3CE006A2E25 /* LaunchScreen.storyboard in Resources */,
				62C7E6671E1CA3CE006A2E25 /* Assets.xcassets in Resources */,
				62C7E6651E1CA3CE006A2E25 /* Main.storyboard in Resources */,
			);
			runOnlyForDeploymentPostprocessing = 0;
		};
		62C7E66E1E1CA3CE006A2E25 /* Resources */ = {
			isa = PBXResourcesBuildPhase;
			buildActionMask = 2147483647;
			files = (
			);
			runOnlyForDeploymentPostprocessing = 0;
		};
		62C7E6791E1CA3CE006A2E25 /* Resources */ = {
			isa = PBXResourcesBuildPhase;
			buildActionMask = 2147483647;
			files = (
			);
			runOnlyForDeploymentPostprocessing = 0;
		};
/* End PBXResourcesBuildPhase section */

/* Begin PBXSourcesBuildPhase section */
		62C7E6581E1CA3CD006A2E25 /* Sources */ = {
			isa = PBXSourcesBuildPhase;
			buildActionMask = 2147483647;
			files = (
				62C7E6621E1CA3CE006A2E25 /* ViewController.swift in Sources */,
				62C7E6601E1CA3CE006A2E25 /* AppDelegate.swift in Sources */,
			);
			runOnlyForDeploymentPostprocessing = 0;
		};
		62C7E66C1E1CA3CE006A2E25 /* Sources */ = {
			isa = PBXSourcesBuildPhase;
			buildActionMask = 2147483647;
			files = (
				62C7E6751E1CA3CE006A2E25 /* DiceTests.swift in Sources */,
			);
			runOnlyForDeploymentPostprocessing = 0;
		};
		62C7E6771E1CA3CE006A2E25 /* Sources */ = {
			isa = PBXSourcesBuildPhase;
			buildActionMask = 2147483647;
			files = (
				62C7E6801E1CA3CE006A2E25 /* DiceUITests.swift in Sources */,
			);
			runOnlyForDeploymentPostprocessing = 0;
		};
/* End PBXSourcesBuildPhase section */

/* Begin PBXTargetDependency section */
		62C7E6721E1CA3CE006A2E25 /* PBXTargetDependency */ = {
			isa = PBXTargetDependency;
			target = 62C7E65B1E1CA3CD006A2E25 /* Dice */;
			targetProxy = 62C7E6711E1CA3CE006A2E25 /* PBXContainerItemProxy */;
		};
		62C7E67D1E1CA3CE006A2E25 /* PBXTargetDependency */ = {
			isa = PBXTargetDependency;
			target = 62C7E65B1E1CA3CD006A2E25 /* Dice */;
			targetProxy = 62C7E67C1E1CA3CE006A2E25 /* PBXContainerItemProxy */;
		};
/* End PBXTargetDependency section */

/* Begin PBXVariantGroup section */
		62C7E6631E1CA3CE006A2E25 /* Main.storyboard */ = {
			isa = PBXVariantGroup;
			children = (
				62C7E6641E1CA3CE006A2E25 /* Base */,
			);
			name = Main.storyboard;
			sourceTree = "<group>";
		};
		62C7E6681E1CA3CE006A2E25 /* LaunchScreen.storyboard */ = {
			isa = PBXVariantGroup;
			children = (
				62C7E6691E1CA3CE006A2E25 /* Base */,
			);
			name = LaunchScreen.storyboard;
			sourceTree = "<group>";
		};
/* End PBXVariantGroup section */

/* Begin XCBuildConfiguration section */
		62C7E6821E1CA3CE006A2E25 /* Debug */ = {
			isa = XCBuildConfiguration;
			buildSettings = {
				ALWAYS_SEARCH_USER_PATHS = NO;
				CLANG_ANALYZER_NONNULL = YES;
				CLANG_CXX_LANGUAGE_STANDARD = "gnu++0x";
				CLANG_CXX_LIBRARY = "libc++";
				CLANG_ENABLE_MODULES = YES;
				CLANG_ENABLE_OBJC_ARC = YES;
				CLANG_WARN_BOOL_CONVERSION = YES;
				CLANG_WARN_CONSTANT_CONVERSION = YES;
				CLANG_WARN_DIRECT_OBJC_ISA_USAGE = YES_ERROR;
				CLANG_WARN_DOCUMENTATION_COMMENTS = YES;
				CLANG_WARN_EMPTY_BODY = YES;
				CLANG_WARN_ENUM_CONVERSION = YES;
				CLANG_WARN_INFINITE_RECURSION = YES;
				CLANG_WARN_INT_CONVERSION = YES;
				CLANG_WARN_OBJC_ROOT_CLASS = YES_ERROR;
				CLANG_WARN_SUSPICIOUS_MOVES = YES;
				CLANG_WARN_UNREACHABLE_CODE = YES;
				CLANG_WARN__DUPLICATE_METHOD_MATCH = YES;
				"CODE_SIGN_IDENTITY[sdk=iphoneos*]" = "iPhone Developer";
				COPY_PHASE_STRIP = NO;
				DEBUG_INFORMATION_FORMAT = dwarf;
				ENABLE_STRICT_OBJC_MSGSEND = YES;
				ENABLE_TESTABILITY = YES;
				GCC_C_LANGUAGE_STANDARD = gnu99;
				GCC_DYNAMIC_NO_PIC = NO;
				GCC_NO_COMMON_BLOCKS = YES;
				GCC_OPTIMIZATION_LEVEL = 0;
				GCC_PREPROCESSOR_DEFINITIONS = (
					"DEBUG=1",
					"$(inherited)",
				);
				GCC_WARN_64_TO_32_BIT_CONVERSION = YES;
				GCC_WARN_ABOUT_RETURN_TYPE = YES_ERROR;
				GCC_WARN_UNDECLARED_SELECTOR = YES;
				GCC_WARN_UNINITIALIZED_AUTOS = YES_AGGRESSIVE;
				GCC_WARN_UNUSED_FUNCTION = YES;
				GCC_WARN_UNUSED_VARIABLE = YES;
				IPHONEOS_DEPLOYMENT_TARGET = 10.0;
				MTL_ENABLE_DEBUG_INFO = YES;
				ONLY_ACTIVE_ARCH = YES;
				SDKROOT = iphoneos;
				SWIFT_ACTIVE_COMPILATION_CONDITIONS = DEBUG;
				SWIFT_OPTIMIZATION_LEVEL = "-Onone";
			};
			name = Debug;
		};
		62C7E6831E1CA3CE006A2E25 /* Release */ = {
			isa = XCBuildConfiguration;
			buildSettings = {
				ALWAYS_SEARCH_USER_PATHS = NO;
				CLANG_ANALYZER_NONNULL = YES;
				CLANG_CXX_LANGUAGE_STANDARD = "gnu++0x";
				CLANG_CXX_LIBRARY = "libc++";
				CLANG_ENABLE_MODULES = YES;
				CLANG_ENABLE_OBJC_ARC = YES;
				CLANG_WARN_BOOL_CONVERSION = YES;
				CLANG_WARN_CONSTANT_CONVERSION = YES;
				CLANG_WARN_DIRECT_OBJC_ISA_USAGE = YES_ERROR;
				CLANG_WARN_DOCUMENTATION_COMMENTS = YES;
				CLANG_WARN_EMPTY_BODY = YES;
				CLANG_WARN_ENUM_CONVERSION = YES;
				CLANG_WARN_INFINITE_RECURSION = YES;
				CLANG_WARN_INT_CONVERSION = YES;
				CLANG_WARN_OBJC_ROOT_CLASS = YES_ERROR;
				CLANG_WARN_SUSPICIOUS_MOVES = YES;
				CLANG_WARN_UNREACHABLE_CODE = YES;
				CLANG_WARN__DUPLICATE_METHOD_MATCH = YES;
				"CODE_SIGN_IDENTITY[sdk=iphoneos*]" = "iPhone Developer";
				COPY_PHASE_STRIP = NO;
				DEBUG_INFORMATION_FORMAT = "dwarf-with-dsym";
				ENABLE_NS_ASSERTIONS = NO;
				ENABLE_STRICT_OBJC_MSGSEND = YES;
				GCC_C_LANGUAGE_STANDARD = gnu99;
				GCC_NO_COMMON_BLOCKS = YES;
				GCC_WARN_64_TO_32_BIT_CONVERSION = YES;
				GCC_WARN_ABOUT_RETURN_TYPE = YES_ERROR;
				GCC_WARN_UNDECLARED_SELECTOR = YES;
				GCC_WARN_UNINITIALIZED_AUTOS = YES_AGGRESSIVE;
				GCC_WARN_UNUSED_FUNCTION = YES;
				GCC_WARN_UNUSED_VARIABLE = YES;
				IPHONEOS_DEPLOYMENT_TARGET = 10.0;
				MTL_ENABLE_DEBUG_INFO = NO;
				SDKROOT = iphoneos;
				SWIFT_OPTIMIZATION_LEVEL = "-Owholemodule";
				VALIDATE_PRODUCT = YES;
			};
			name = Release;
		};
		62C7E6851E1CA3CE006A2E25 /* Debug */ = {
			isa = XCBuildConfiguration;
			buildSettings = {
				ASSETCATALOG_COMPILER_APPICON_NAME = AppIcon;
				INFOPLIST_FILE = Dice/Info.plist;
				LD_RUNPATH_SEARCH_PATHS = "$(inherited) @executable_path/Frameworks";
				PRODUCT_BUNDLE_IDENTIFIER = Fireseed.Dice;
				PRODUCT_NAME = "$(TARGET_NAME)";
				SWIFT_VERSION = 3.0;
			};
			name = Debug;
		};
		62C7E6861E1CA3CE006A2E25 /* Release */ = {
			isa = XCBuildConfiguration;
			buildSettings = {
				ASSETCATALOG_COMPILER_APPICON_NAME = AppIcon;
				INFOPLIST_FILE = Dice/Info.plist;
				LD_RUNPATH_SEARCH_PATHS = "$(inherited) @executable_path/Frameworks";
				PRODUCT_BUNDLE_IDENTIFIER = Fireseed.Dice;
				PRODUCT_NAME = "$(TARGET_NAME)";
				SWIFT_VERSION = 3.0;
			};
			name = Release;
		};
		62C7E6881E1CA3CE006A2E25 /* Debug */ = {
			isa = XCBuildConfiguration;
			buildSettings = {
				ALWAYS_EMBED_SWIFT_STANDARD_LIBRARIES = YES;
				BUNDLE_LOADER = "$(TEST_HOST)";
				INFOPLIST_FILE = DiceTests/Info.plist;
				LD_RUNPATH_SEARCH_PATHS = "$(inherited) @executable_path/Frameworks @loader_path/Frameworks";
				PRODUCT_BUNDLE_IDENTIFIER = Fireseed.DiceTests;
				PRODUCT_NAME = "$(TARGET_NAME)";
				SWIFT_VERSION = 3.0;
				TEST_HOST = "$(BUILT_PRODUCTS_DIR)/Dice.app/Dice";
			};
			name = Debug;
		};
		62C7E6891E1CA3CE006A2E25 /* Release */ = {
			isa = XCBuildConfiguration;
			buildSettings = {
				ALWAYS_EMBED_SWIFT_STANDARD_LIBRARIES = YES;
				BUNDLE_LOADER = "$(TEST_HOST)";
				INFOPLIST_FILE = DiceTests/Info.plist;
				LD_RUNPATH_SEARCH_PATHS = "$(inherited) @executable_path/Frameworks @loader_path/Frameworks";
				PRODUCT_BUNDLE_IDENTIFIER = Fireseed.DiceTests;
				PRODUCT_NAME = "$(TARGET_NAME)";
				SWIFT_VERSION = 3.0;
				TEST_HOST = "$(BUILT_PRODUCTS_DIR)/Dice.app/Dice";
			};
			name = Release;
		};
		62C7E68B1E1CA3CE006A2E25 /* Debug */ = {
			isa = XCBuildConfiguration;
			buildSettings = {
				ALWAYS_EMBED_SWIFT_STANDARD_LIBRARIES = YES;
				INFOPLIST_FILE = DiceUITests/Info.plist;
				LD_RUNPATH_SEARCH_PATHS = "$(inherited) @executable_path/Frameworks @loader_path/Frameworks";
				PRODUCT_BUNDLE_IDENTIFIER = Fireseed.DiceUITests;
				PRODUCT_NAME = "$(TARGET_NAME)";
				SWIFT_VERSION = 3.0;
				TEST_TARGET_NAME = Dice;
			};
			name = Debug;
		};
		62C7E68C1E1CA3CE006A2E25 /* Release */ = {
			isa = XCBuildConfiguration;
			buildSettings = {
				ALWAYS_EMBED_SWIFT_STANDARD_LIBRARIES = YES;
				INFOPLIST_FILE = DiceUITests/Info.plist;
				LD_RUNPATH_SEARCH_PATHS = "$(inherited) @executable_path/Frameworks @loader_path/Frameworks";
				PRODUCT_BUNDLE_IDENTIFIER = Fireseed.DiceUITests;
				PRODUCT_NAME = "$(TARGET_NAME)";
				SWIFT_VERSION = 3.0;
				TEST_TARGET_NAME = Dice;
			};
			name = Release;
		};
/* End XCBuildConfiguration section */

/* Begin XCConfigurationList section */
		62C7E6571E1CA3CD006A2E25 /* Build configuration list for PBXProject "Dice" */ = {
			isa = XCConfigurationList;
			buildConfigurations = (
				62C7E6821E1CA3CE006A2E25 /* Debug */,
				62C7E6831E1CA3CE006A2E25 /* Release */,
			);
			defaultConfigurationIsVisible = 0;
			defaultConfigurationName = Release;
		};
		62C7E6841E1CA3CE006A2E25 /* Build configuration list for PBXNativeTarget "Dice" */ = {
			isa = XCConfigurationList;
			buildConfigurations = (
				62C7E6851E1CA3CE006A2E25 /* Debug */,
				62C7E6861E1CA3CE006A2E25 /* Release */,
			);
			defaultConfigurationIsVisible = 0;
		};
		62C7E6871E1CA3CE006A2E25 /* Build configuration list for PBXNativeTarget "DiceTests" */ = {
			isa = XCConfigurationList;
			buildConfigurations = (
				62C7E6881E1CA3CE006A2E25 /* Debug */,
				62C7E6891E1CA3CE006A2E25 /* Release */,
			);
			defaultConfigurationIsVisible = 0;
		};
		62C7E68A1E1CA3CE006A2E25 /* Build configuration list for PBXNativeTarget "DiceUITests" */ = {
			isa = XCConfigurationList;
			buildConfigurations = (
				62C7E68B1E1CA3CE006A2E25 /* Debug */,
				62C7E68C1E1CA3CE006A2E25 /* Release */,
			);
			defaultConfigurationIsVisible = 0;
		};
/* End XCConfigurationList section */
	};
	rootObject = 62C7E6541E1CA3CD006A2E25 /* Project object */;
}
